
Microsoft Visual Studio Solution File, Format Version 12.00
# Visual Studio Version 17
VisualStudioVersion = 17.5.002.0
MinimumVisualStudioVersion = 10.0.40219.1
Project("{9A19103F-16F7-4668-BE54-9A1E7A4F7556}") = "Projeto_Web-Lh_Pets_Alunos", "Projeto_Web-Lh_Pets_Alunos.csproj", "{ED4E1617-4335-4757-A910-FF3DA39B44E5}"
EndProject
Global
	GlobalSection(SolutionConfigurationPlatforms) = preSolution
		Debug|Any CPU = Debug|Any CPU
		Release|Any CPU = Release|Any CPU
	EndGlobalSection
	GlobalSection(ProjectConfigurationPlatforms) = postSolution
		{ED4E1617-4335-4757-A910-FF3DA39B44E5}.Debug|Any CPU.ActiveCfg = Debug|Any CPU
		{ED4E1617-4335-4757-A910-FF3DA39B44E5}.Debug|Any CPU.Build.0 = Debug|Any CPU
		{ED4E1617-4335-4757-A910-FF3DA39B44E5}.Release|Any CPU.ActiveCfg = Release|Any CPU
		{ED4E1617-4335-4757-A910-FF3DA39B44E5}.Release|Any CPU.Build.0 = Release|Any CPU
	EndGlobalSection
	GlobalSection(SolutionProperties) = preSolution
		HideSolutionNode = FALSE
	EndGlobalSection
	GlobalSection(ExtensibilityGlobals) = postSolution
		SolutionGuid = {52EE66EC-846E-406F-9DA8-2E440D4E58B3}
	EndGlobalSection
EndGlobal
